
Microsoft Visual Studio Solution File, Format Version 12.00
# Visual Studio Version 17
VisualStudioVersion = 17.11.35219.272
MinimumVisualStudioVersion = 10.0.40219.1
Project("{8BC9CEB8-8B4A-11D0-8D11-00A0C91BC942}") = "Test2QtCPP", "Test2QtCPP.vcxproj", "{F23EA0AE-67E1-42FD-B15A-EA5FC6F80B95}"
EndProject
Global
	GlobalSection(SolutionConfigurationPlatforms) = preSolution
		Debug|x64 = Debug|x64
		Release|x64 = Release|x64
	EndGlobalSection
	GlobalSection(ProjectConfigurationPlatforms) = postSolution
		{F23EA0AE-67E1-42FD-B15A-EA5FC6F80B95}.Debug|x64.ActiveCfg = Debug|x64
		{F23EA0AE-67E1-42FD-B15A-EA5FC6F80B95}.Debug|x64.Build.0 = Debug|x64
		{F23EA0AE-67E1-42FD-B15A-EA5FC6F80B95}.Release|x64.ActiveCfg = Release|x64
		{F23EA0AE-67E1-42FD-B15A-EA5FC6F80B95}.Release|x64.Build.0 = Release|x64
	EndGlobalSection
	GlobalSection(SolutionProperties) = preSolution
		HideSolutionNode = FALSE
	EndGlobalSection
	GlobalSection(ExtensibilityGlobals) = postSolution
		SolutionGuid = {804F591C-C4A8-4298-B34A-C973DC5EA1CD}
	EndGlobalSection
EndGlobal
